
Microsoft Visual Studio Solution File, Format Version 12.00
# Visual Studio Version 17
VisualStudioVersion = 17.9.34728.123
MinimumVisualStudioVersion = 10.0.40219.1
Project("{FAE04EC0-301F-11D3-BF4B-00C04F79EFBC}") = "QRCodeApp", "QRCodeApp\QRCodeApp.csproj", "{6D60F1AD-AE84-4461-BFF9-0BE2CCEBC30C}"
EndProject
Global
	GlobalSection(SolutionConfigurationPlatforms) = preSolution
		Debug|Any CPU = Debug|Any CPU
		Release|Any CPU = Release|Any CPU
	EndGlobalSection
	GlobalSection(ProjectConfigurationPlatforms) = postSolution
		{6D60F1AD-AE84-4461-BFF9-0BE2CCEBC30C}.Debug|Any CPU.ActiveCfg = Debug|Any CPU
		{6D60F1AD-AE84-4461-BFF9-0BE2CCEBC30C}.Debug|Any CPU.Build.0 = Debug|Any CPU
		{6D60F1AD-AE84-4461-BFF9-0BE2CCEBC30C}.Release|Any CPU.ActiveCfg = Release|Any CPU
		{6D60F1AD-AE84-4461-BFF9-0BE2CCEBC30C}.Release|Any CPU.Build.0 = Release|Any CPU
	EndGlobalSection
	GlobalSection(SolutionProperties) = preSolution
		HideSolutionNode = FALSE
	EndGlobalSection
	GlobalSection(ExtensibilityGlobals) = postSolution
		SolutionGuid = {2BA67405-7E77-4D5B-9B18-0757743EBF16}
	EndGlobalSection
EndGlobal
